
Microsoft Visual Studio Solution File, Format Version 12.00
# Visual Studio Version 16
VisualStudioVersion = 16.0.31019.35
MinimumVisualStudioVersion = 10.0.40219.1
Project("{FAE04EC0-301F-11D3-BF4B-00C04F79EFBC}") = "CommunicationServer", "CommunicationServer\CommunicationServer.csproj", "{D1FCC629-DC84-452A-8458-8F9A63ACAE14}"
EndProject
Global
	GlobalSection(SolutionConfigurationPlatforms) = preSolution
		Debug|Any CPU = Debug|Any CPU
		Release|Any CPU = Release|Any CPU
	EndGlobalSection
	GlobalSection(ProjectConfigurationPlatforms) = postSolution
		{D1FCC629-DC84-452A-8458-8F9A63ACAE14}.Debug|Any CPU.ActiveCfg = Debug|Any CPU
		{D1FCC629-DC84-452A-8458-8F9A63ACAE14}.Debug|Any CPU.Build.0 = Debug|Any CPU
		{D1FCC629-DC84-452A-8458-8F9A63ACAE14}.Release|Any CPU.ActiveCfg = Release|Any CPU
		{D1FCC629-DC84-452A-8458-8F9A63ACAE14}.Release|Any CPU.Build.0 = Release|Any CPU
	EndGlobalSection
	GlobalSection(SolutionProperties) = preSolution
		HideSolutionNode = FALSE
	EndGlobalSection
	GlobalSection(ExtensibilityGlobals) = postSolution
		SolutionGuid = {D8E2947B-D3C6-404A-9DC1-5EAEBF748CF4}
	EndGlobalSection
EndGlobal
